// !$*UTF8*$!
{
	archiveVersion = 1;
	classes = {
	};
	objectVersion = 56;
	objects = {

/* Begin PBXBuildFile section */
		BD716BC32C2DF70100FA2DA0 /* tabletableApp.swift in Sources */ = {isa = PBXBuildFile; fileRef = BD716BC22C2DF70100FA2DA0 /* tabletableApp.swift */; };
		BD716BC52C2DF70100FA2DA0 /* ContentView.swift in Sources */ = {isa = PBXBuildFile; fileRef = BD716BC42C2DF70100FA2DA0 /* ContentView.swift */; };
		BD716BC72C2DF70200FA2DA0 /* Assets.xcassets in Resources */ = {isa = PBXBuildFile; fileRef = BD716BC62C2DF70200FA2DA0 /* Assets.xcassets */; };
		BD716BCA2C2DF70200FA2DA0 /* Preview Assets.xcassets in Resources */ = {isa = PBXBuildFile; fileRef = BD716BC92C2DF70200FA2DA0 /* Preview Assets.xcassets */; };
		BD716BD42C2DF70200FA2DA0 /* tabletableTests.swift in Sources */ = {isa = PBXBuildFile; fileRef = BD716BD32C2DF70200FA2DA0 /* tabletableTests.swift */; };
		BD716BDE2C2DF70200FA2DA0 /* tabletableUITests.swift in Sources */ = {isa = PBXBuildFile; fileRef = BD716BDD2C2DF70200FA2DA0 /* tabletableUITests.swift */; };
		BD716BE02C2DF70200FA2DA0 /* tabletableUITestsLaunchTests.swift in Sources */ = {isa = PBXBuildFile; fileRef = BD716BDF2C2DF70200FA2DA0 /* tabletableUITestsLaunchTests.swift */; };
/* End PBXBuildFile section */

/* Begin PBXContainerItemProxy section */
		BD716BD02C2DF70200FA2DA0 /* PBXContainerItemProxy */ = {
			isa = PBXContainerItemProxy;
			containerPortal = BD716BB72C2DF70100FA2DA0 /* Project object */;
			proxyType = 1;
			remoteGlobalIDString = BD716BBE2C2DF70100FA2DA0;
			remoteInfo = tabletable;
		};
		BD716BDA2C2DF70200FA2DA0 /* PBXContainerItemProxy */ = {
			isa = PBXContainerItemProxy;
			containerPortal = BD716BB72C2DF70100FA2DA0 /* Project object */;
			proxyType = 1;
			remoteGlobalIDString = BD716BBE2C2DF70100FA2DA0;
			remoteInfo = tabletable;
		};
/* End PBXContainerItemProxy section */

/* Begin PBXFileReference section */
		BD716BBF2C2DF70100FA2DA0 /* tabletable.app */ = {isa = PBXFileReference; explicitFileType = wrapper.application; includeInIndex = 0; path = tabletable.app; sourceTree = BUILT_PRODUCTS_DIR; };
		BD716BC22C2DF70100FA2DA0 /* tabletableApp.swift */ = {isa = PBXFileReference; lastKnownFileType = sourcecode.swift; path = tabletableApp.swift; sourceTree = "<group>"; };
		BD716BC42C2DF70100FA2DA0 /* ContentView.swift */ = {isa = PBXFileReference; lastKnownFileType = sourcecode.swift; path = ContentView.swift; sourceTree = "<group>"; };
		BD716BC62C2DF70200FA2DA0 /* Assets.xcassets */ = {isa = PBXFileReference; lastKnownFileType = folder.assetcatalog; path = Assets.xcassets; sourceTree = "<group>"; };
		BD716BC92C2DF70200FA2DA0 /* Preview Assets.xcassets */ = {isa = PBXFileReference; lastKnownFileType = folder.assetcatalog; path = "Preview Assets.xcassets"; sourceTree = "<group>"; };
		BD716BCF2C2DF70200FA2DA0 /* tabletableTests.xctest */ = {isa = PBXFileReference; explicitFileType = wrapper.cfbundle; includeInIndex = 0; path = tabletableTests.xctest; sourceTree = BUILT_PRODUCTS_DIR; };
		BD716BD32C2DF70200FA2DA0 /* tabletableTests.swift */ = {isa = PBXFileReference; lastKnownFileType = sourcecode.swift; path = tabletableTests.swift; sourceTree = "<group>"; };
		BD716BD92C2DF70200FA2DA0 /* tabletableUITests.xctest */ = {isa = PBXFileReference; explicitFileType = wrapper.cfbundle; includeInIndex = 0; path = tabletableUITests.xctest; sourceTree = BUILT_PRODUCTS_DIR; };
		BD716BDD2C2DF70200FA2DA0 /* tabletableUITests.swift */ = {isa = PBXFileReference; lastKnownFileType = sourcecode.swift; path = tabletableUITests.swift; sourceTree = "<group>"; };
		BD716BDF2C2DF70200FA2DA0 /* tabletableUITestsLaunchTests.swift */ = {isa = PBXFileReference; lastKnownFileType = sourcecode.swift; path = tabletableUITestsLaunchTests.swift; sourceTree = "<group>"; };
/* End PBXFileReference section */

/* Begin PBXFrameworksBuildPhase section */
		BD716BBC2C2DF70100FA2DA0 /* Frameworks */ = {
			isa = PBXFrameworksBuildPhase;
			buildActionMask = 2147483647;
			files = (
			);
			runOnlyForDeploymentPostprocessing = 0;
		};
		BD716BCC2C2DF70200FA2DA0 /* Frameworks */ = {
			isa = PBXFrameworksBuildPhase;
			buildActionMask = 2147483647;
			files = (
			);
			runOnlyForDeploymentPostprocessing = 0;
		};
		BD716BD62C2DF70200FA2DA0 /* Frameworks */ = {
			isa = PBXFrameworksBuildPhase;
			buildActionMask = 2147483647;
			files = (
			);
			runOnlyForDeploymentPostprocessing = 0;
		};
/* End PBXFrameworksBuildPhase section */

/* Begin PBXGroup section */
		BD716BB62C2DF70100FA2DA0 = {
			isa = PBXGroup;
			children = (
				BD716BC12C2DF70100FA2DA0 /* tabletable */,
				BD716BD22C2DF70200FA2DA0 /* tabletableTests */,
				BD716BDC2C2DF70200FA2DA0 /* tabletableUITests */,
				BD716BC02C2DF70100FA2DA0 /* Products */,
			);
			sourceTree = "<group>";
		};
		BD716BC02C2DF70100FA2DA0 /* Products */ = {
			isa = PBXGroup;
			children = (
				BD716BBF2C2DF70100FA2DA0 /* tabletable.app */,
				BD716BCF2C2DF70200FA2DA0 /* tabletableTests.xctest */,
				BD716BD92C2DF70200FA2DA0 /* tabletableUITests.xctest */,
			);
			name = Products;
			sourceTree = "<group>";
		};
		BD716BC12C2DF70100FA2DA0 /* tabletable */ = {
			isa = PBXGroup;
			children = (
				BD716BC22C2DF70100FA2DA0 /* tabletableApp.swift */,
				BD716BC42C2DF70100FA2DA0 /* ContentView.swift */,
				BD716BC62C2DF70200FA2DA0 /* Assets.xcassets */,
				BD716BC82C2DF70200FA2DA0 /* Preview Content */,
			);
			path = tabletable;
			sourceTree = "<group>";
		};
		BD716BC82C2DF70200FA2DA0 /* Preview Content */ = {
			isa = PBXGroup;
			children = (
				BD716BC92C2DF70200FA2DA0 /* Preview Assets.xcassets */,
			);
			path = "Preview Content";
			sourceTree = "<group>";
		};
		BD716BD22C2DF70200FA2DA0 /* tabletableTests */ = {
			isa = PBXGroup;
			children = (
				BD716BD32C2DF70200FA2DA0 /* tabletableTests.swift */,
			);
			path = tabletableTests;
			sourceTree = "<group>";
		};
		BD716BDC2C2DF70200FA2DA0 /* tabletableUITests */ = {
			isa = PBXGroup;
			children = (
				BD716BDD2C2DF70200FA2DA0 /* tabletableUITests.swift */,
				BD716BDF2C2DF70200FA2DA0 /* tabletableUITestsLaunchTests.swift */,
			);
			path = tabletableUITests;
			sourceTree = "<group>";
		};
/* End PBXGroup section */

/* Begin PBXNativeTarget section */
		BD716BBE2C2DF70100FA2DA0 /* tabletable */ = {
			isa = PBXNativeTarget;
			buildConfigurationList = BD716BE32C2DF70200FA2DA0 /* Build configuration list for PBXNativeTarget "tabletable" */;
			buildPhases = (
				BD716BBB2C2DF70100FA2DA0 /* Sources */,
				BD716BBC2C2DF70100FA2DA0 /* Frameworks */,
				BD716BBD2C2DF70100FA2DA0 /* Resources */,
			);
			buildRules = (
			);
			dependencies = (
			);
			name = tabletable;
			productName = tabletable;
			productReference = BD716BBF2C2DF70100FA2DA0 /* tabletable.app */;
			productType = "com.apple.product-type.application";
		};
		BD716BCE2C2DF70200FA2DA0 /* tabletableTests */ = {
			isa = PBXNativeTarget;
			buildConfigurationList = BD716BE62C2DF70200FA2DA0 /* Build configuration list for PBXNativeTarget "tabletableTests" */;
			buildPhases = (
				BD716BCB2C2DF70200FA2DA0 /* Sources */,
				BD716BCC2C2DF70200FA2DA0 /* Frameworks */,
				BD716BCD2C2DF70200FA2DA0 /* Resources */,
			);
			buildRules = (
			);
			dependencies = (
				BD716BD12C2DF70200FA2DA0 /* PBXTargetDependency */,
			);
			name = tabletableTests;
			productName = tabletableTests;
			productReference = BD716BCF2C2DF70200FA2DA0 /* tabletableTests.xctest */;
			productType = "com.apple.product-type.bundle.unit-test";
		};
		BD716BD82C2DF70200FA2DA0 /* tabletableUITests */ = {
			isa = PBXNativeTarget;
			buildConfigurationList = BD716BE92C2DF70200FA2DA0 /* Build configuration list for PBXNativeTarget "tabletableUITests" */;
			buildPhases = (
				BD716BD52C2DF70200FA2DA0 /* Sources */,
				BD716BD62C2DF70200FA2DA0 /* Frameworks */,
				BD716BD72C2DF70200FA2DA0 /* Resources */,
			);
			buildRules = (
			);
			dependencies = (
				BD716BDB2C2DF70200FA2DA0 /* PBXTargetDependency */,
			);
			name = tabletableUITests;
			productName = tabletableUITests;
			productReference = BD716BD92C2DF70200FA2DA0 /* tabletableUITests.xctest */;
			productType = "com.apple.product-type.bundle.ui-testing";
		};
/* End PBXNativeTarget section */

/* Begin PBXProject section */
		BD716BB72C2DF70100FA2DA0 /* Project object */ = {
			isa = PBXProject;
			attributes = {
				BuildIndependentTargetsInParallel = 1;
				LastSwiftUpdateCheck = 1540;
				LastUpgradeCheck = 1540;
				TargetAttributes = {
					BD716BBE2C2DF70100FA2DA0 = {
						CreatedOnToolsVersion = 15.4;
					};
					BD716BCE2C2DF70200FA2DA0 = {
						CreatedOnToolsVersion = 15.4;
						TestTargetID = BD716BBE2C2DF70100FA2DA0;
					};
					BD716BD82C2DF70200FA2DA0 = {
						CreatedOnToolsVersion = 15.4;
						TestTargetID = BD716BBE2C2DF70100FA2DA0;
					};
				};
			};
			buildConfigurationList = BD716BBA2C2DF70100FA2DA0 /* Build configuration list for PBXProject "tabletable" */;
			compatibilityVersion = "Xcode 14.0";
			developmentRegion = en;
			hasScannedForEncodings = 0;
			knownRegions = (
				en,
				Base,
			);
			mainGroup = BD716BB62C2DF70100FA2DA0;
			productRefGroup = BD716BC02C2DF70100FA2DA0 /* Products */;
			projectDirPath = "";
			projectRoot = "";
			targets = (
				BD716BBE2C2DF70100FA2DA0 /* tabletable */,
				BD716BCE2C2DF70200FA2DA0 /* tabletableTests */,
				BD716BD82C2DF70200FA2DA0 /* tabletableUITests */,
			);
		};
/* End PBXProject section */

/* Begin PBXResourcesBuildPhase section */
		BD716BBD2C2DF70100FA2DA0 /* Resources */ = {
			isa = PBXResourcesBuildPhase;
			buildActionMask = 2147483647;
			files = (
				BD716BCA2C2DF70200FA2DA0 /* Preview Assets.xcassets in Resources */,
				BD716BC72C2DF70200FA2DA0 /* Assets.xcassets in Resources */,
			);
			runOnlyForDeploymentPostprocessing = 0;
		};
		BD716BCD2C2DF70200FA2DA0 /* Resources */ = {
			isa = PBXResourcesBuildPhase;
			buildActionMask = 2147483647;
			files = (
			);
			runOnlyForDeploymentPostprocessing = 0;
		};
		BD716BD72C2DF70200FA2DA0 /* Resources */ = {
			isa = PBXResourcesBuildPhase;
			buildActionMask = 2147483647;
			files = (
			);
			runOnlyForDeploymentPostprocessing = 0;
		};
/* End PBXResourcesBuildPhase section */

/* Begin PBXSourcesBuildPhase section */
		BD716BBB2C2DF70100FA2DA0 /* Sources */ = {
			isa = PBXSourcesBuildPhase;
			buildActionMask = 2147483647;
			files = (
				BD716BC52C2DF70100FA2DA0 /* ContentView.swift in Sources */,
				BD716BC32C2DF70100FA2DA0 /* tabletableApp.swift in Sources */,
			);
			runOnlyForDeploymentPostprocessing = 0;
		};
		BD716BCB2C2DF70200FA2DA0 /* Sources */ = {
			isa = PBXSourcesBuildPhase;
			buildActionMask = 2147483647;
			files = (
				BD716BD42C2DF70200FA2DA0 /* tabletableTests.swift in Sources */,
			);
			runOnlyForDeploymentPostprocessing = 0;
		};
		BD716BD52C2DF70200FA2DA0 /* Sources */ = {
			isa = PBXSourcesBuildPhase;
			buildActionMask = 2147483647;
			files = (
				BD716BE02C2DF70200FA2DA0 /* tabletableUITestsLaunchTests.swift in Sources */,
				BD716BDE2C2DF70200FA2DA0 /* tabletableUITests.swift in Sources */,
			);
			runOnlyForDeploymentPostprocessing = 0;
		};
/* End PBXSourcesBuildPhase section */

/* Begin PBXTargetDependency section */
		BD716BD12C2DF70200FA2DA0 /* PBXTargetDependency */ = {
			isa = PBXTargetDependency;
			target = BD716BBE2C2DF70100FA2DA0 /* tabletable */;
			targetProxy = BD716BD02C2DF70200FA2DA0 /* PBXContainerItemProxy */;
		};
		BD716BDB2C2DF70200FA2DA0 /* PBXTargetDependency */ = {
			isa = PBXTargetDependency;
			target = BD716BBE2C2DF70100FA2DA0 /* tabletable */;
			targetProxy = BD716BDA2C2DF70200FA2DA0 /* PBXContainerItemProxy */;
		};
/* End PBXTargetDependency section */

/* Begin XCBuildConfiguration section */
		BD716BE12C2DF70200FA2DA0 /* Debug */ = {
			isa = XCBuildConfiguration;
			buildSettings = {
				ALWAYS_SEARCH_USER_PATHS = NO;
				ASSETCATALOG_COMPILER_GENERATE_SWIFT_ASSET_SYMBOL_EXTENSIONS = YES;
				CLANG_ANALYZER_NONNULL = YES;
				CLANG_ANALYZER_NUMBER_OBJECT_CONVERSION = YES_AGGRESSIVE;
				CLANG_CXX_LANGUAGE_STANDARD = "gnu++20";
				CLANG_ENABLE_MODULES = YES;
				CLANG_ENABLE_OBJC_ARC = YES;
				CLANG_ENABLE_OBJC_WEAK = YES;
				CLANG_WARN_BLOCK_CAPTURE_AUTORELEASING = YES;
				CLANG_WARN_BOOL_CONVERSION = YES;
				CLANG_WARN_COMMA = YES;
				CLANG_WARN_CONSTANT_CONVERSION = YES;
				CLANG_WARN_DEPRECATED_OBJC_IMPLEMENTATIONS = YES;
				CLANG_WARN_DIRECT_OBJC_ISA_USAGE = YES_ERROR;
				CLANG_WARN_DOCUMENTATION_COMMENTS = YES;
				CLANG_WARN_EMPTY_BODY = YES;
				CLANG_WARN_ENUM_CONVERSION = YES;
				CLANG_WARN_INFINITE_RECURSION = YES;
				CLANG_WARN_INT_CONVERSION = YES;
				CLANG_WARN_NON_LITERAL_NULL_CONVERSION = YES;
				CLANG_WARN_OBJC_IMPLICIT_RETAIN_SELF = YES;
				CLANG_WARN_OBJC_LITERAL_CONVERSION = YES;
				CLANG_WARN_OBJC_ROOT_CLASS = YES_ERROR;
				CLANG_WARN_QUOTED_INCLUDE_IN_FRAMEWORK_HEADER = YES;
				CLANG_WARN_RANGE_LOOP_ANALYSIS = YES;
				CLANG_WARN_STRICT_PROTOTYPES = YES;
				CLANG_WARN_SUSPICIOUS_MOVE = YES;
				CLANG_WARN_UNGUARDED_AVAILABILITY = YES_AGGRESSIVE;
				CLANG_WARN_UNREACHABLE_CODE = YES;
				CLANG_WARN__DUPLICATE_METHOD_MATCH = YES;
				COPY_PHASE_STRIP = NO;
				DEBUG_INFORMATION_FORMAT = dwarf;
				ENABLE_STRICT_OBJC_MSGSEND = YES;
				ENABLE_TESTABILITY = YES;
				ENABLE_USER_SCRIPT_SANDBOXING = YES;
				GCC_C_LANGUAGE_STANDARD = gnu17;
				GCC_DYNAMIC_NO_PIC = NO;
				GCC_NO_COMMON_BLOCKS = YES;
				GCC_OPTIMIZATION_LEVEL = 0;
				GCC_PREPROCESSOR_DEFINITIONS = (
					"DEBUG=1",
					"$(inherited)",
				);
				GCC_WARN_64_TO_32_BIT_CONVERSION = YES;
				GCC_WARN_ABOUT_RETURN_TYPE = YES_ERROR;
				GCC_WARN_UNDECLARED_SELECTOR = YES;
				GCC_WARN_UNINITIALIZED_AUTOS = YES_AGGRESSIVE;
				GCC_WARN_UNUSED_FUNCTION = YES;
				GCC_WARN_UNUSED_VARIABLE = YES;
				IPHONEOS_DEPLOYMENT_TARGET = 17.5;
				LOCALIZATION_PREFERS_STRING_CATALOGS = YES;
				MTL_ENABLE_DEBUG_INFO = INCLUDE_SOURCE;
				MTL_FAST_MATH = YES;
				ONLY_ACTIVE_ARCH = YES;
				SDKROOT = iphoneos;
				SWIFT_ACTIVE_COMPILATION_CONDITIONS = "DEBUG $(inherited)";
				SWIFT_OPTIMIZATION_LEVEL = "-Onone";
			};
			name = Debug;
		};
		BD716BE22C2DF70200FA2DA0 /* Release */ = {
			isa = XCBuildConfiguration;
			buildSettings = {
				ALWAYS_SEARCH_USER_PATHS = NO;
				ASSETCATALOG_COMPILER_GENERATE_SWIFT_ASSET_SYMBOL_EXTENSIONS = YES;
				CLANG_ANALYZER_NONNULL = YES;
				CLANG_ANALYZER_NUMBER_OBJECT_CONVERSION = YES_AGGRESSIVE;
				CLANG_CXX_LANGUAGE_STANDARD = "gnu++20";
				CLANG_ENABLE_MODULES = YES;
				CLANG_ENABLE_OBJC_ARC = YES;
				CLANG_ENABLE_OBJC_WEAK = YES;
				CLANG_WARN_BLOCK_CAPTURE_AUTORELEASING = YES;
				CLANG_WARN_BOOL_CONVERSION = YES;
				CLANG_WARN_COMMA = YES;
				CLANG_WARN_CONSTANT_CONVERSION = YES;
				CLANG_WARN_DEPRECATED_OBJC_IMPLEMENTATIONS = YES;
				CLANG_WARN_DIRECT_OBJC_ISA_USAGE = YES_ERROR;
				CLANG_WARN_DOCUMENTATION_COMMENTS = YES;
				CLANG_WARN_EMPTY_BODY = YES;
				CLANG_WARN_ENUM_CONVERSION = YES;
				CLANG_WARN_INFINITE_RECURSION = YES;
				CLANG_WARN_INT_CONVERSION = YES;
				CLANG_WARN_NON_LITERAL_NULL_CONVERSION = YES;
				CLANG_WARN_OBJC_IMPLICIT_RETAIN_SELF = YES;
				CLANG_WARN_OBJC_LITERAL_CONVERSION = YES;
				CLANG_WARN_OBJC_ROOT_CLASS = YES_ERROR;
				CLANG_WARN_QUOTED_INCLUDE_IN_FRAMEWORK_HEADER = YES;
				CLANG_WARN_RANGE_LOOP_ANALYSIS = YES;
				CLANG_WARN_STRICT_PROTOTYPES = YES;
				CLANG_WARN_SUSPICIOUS_MOVE = YES;
				CLANG_WARN_UNGUARDED_AVAILABILITY = YES_AGGRESSIVE;
				CLANG_WARN_UNREACHABLE_CODE = YES;
				CLANG_WARN__DUPLICATE_METHOD_MATCH = YES;
				COPY_PHASE_STRIP = NO;
				DEBUG_INFORMATION_FORMAT = "dwarf-with-dsym";
				ENABLE_NS_ASSERTIONS = NO;
				ENABLE_STRICT_OBJC_MSGSEND = YES;
				ENABLE_USER_SCRIPT_SANDBOXING = YES;
				GCC_C_LANGUAGE_STANDARD = gnu17;
				GCC_NO_COMMON_BLOCKS = YES;
				GCC_WARN_64_TO_32_BIT_CONVERSION = YES;
				GCC_WARN_ABOUT_RETURN_TYPE = YES_ERROR;
				GCC_WARN_UNDECLARED_SELECTOR = YES;
				GCC_WARN_UNINITIALIZED_AUTOS = YES_AGGRESSIVE;
				GCC_WARN_UNUSED_FUNCTION = YES;
				GCC_WARN_UNUSED_VARIABLE = YES;
				IPHONEOS_DEPLOYMENT_TARGET = 17.5;
				LOCALIZATION_PREFERS_STRING_CATALOGS = YES;
				MTL_ENABLE_DEBUG_INFO = NO;
				MTL_FAST_MATH = YES;
				SDKROOT = iphoneos;
				SWIFT_COMPILATION_MODE = wholemodule;
				VALIDATE_PRODUCT = YES;
			};
			name = Release;
		};
		BD716BE42C2DF70200FA2DA0 /* Debug */ = {
			isa = XCBuildConfiguration;
			buildSettings = {
				ASSETCATALOG_COMPILER_APPICON_NAME = AppIcon;
				ASSETCATALOG_COMPILER_GLOBAL_ACCENT_COLOR_NAME = AccentColor;
				CODE_SIGN_STYLE = Automatic;
				CURRENT_PROJECT_VERSION = 1;
				DEVELOPMENT_ASSET_PATHS = "\"tabletable/Preview Content\"";
				ENABLE_PREVIEWS = YES;
				GENERATE_INFOPLIST_FILE = YES;
				INFOPLIST_KEY_UIApplicationSceneManifest_Generation = YES;
				INFOPLIST_KEY_UIApplicationSupportsIndirectInputEvents = YES;
				INFOPLIST_KEY_UILaunchScreen_Generation = YES;
				INFOPLIST_KEY_UISupportedInterfaceOrientations_iPad = "UIInterfaceOrientationPortrait UIInterfaceOrientationPortraitUpsideDown UIInterfaceOrientationLandscapeLeft UIInterfaceOrientationLandscapeRight";
				INFOPLIST_KEY_UISupportedInterfaceOrientations_iPhone = "UIInterfaceOrientationPortrait UIInterfaceOrientationLandscapeLeft UIInterfaceOrientationLandscapeRight";
				LD_RUNPATH_SEARCH_PATHS = (
					"$(inherited)",
					"@executable_path/Frameworks",
				);
				MARKETING_VERSION = 1.0;
				PRODUCT_BUNDLE_IDENTIFIER = kwk.tabletable;
				PRODUCT_NAME = "$(TARGET_NAME)";
				SWIFT_EMIT_LOC_STRINGS = YES;
				SWIFT_VERSION = 5.0;
				TARGETED_DEVICE_FAMILY = "1,2";
			};
			name = Debug;
		};
		BD716BE52C2DF70200FA2DA0 /* Release */ = {
			isa = XCBuildConfiguration;
			buildSettings = {
				ASSETCATALOG_COMPILER_APPICON_NAME = AppIcon;
				ASSETCATALOG_COMPILER_GLOBAL_ACCENT_COLOR_NAME = AccentColor;
				CODE_SIGN_STYLE = Automatic;
				CURRENT_PROJECT_VERSION = 1;
				DEVELOPMENT_ASSET_PATHS = "\"tabletable/Preview Content\"";
				ENABLE_PREVIEWS = YES;
				GENERATE_INFOPLIST_FILE = YES;
				INFOPLIST_KEY_UIApplicationSceneManifest_Generation = YES;
				INFOPLIST_KEY_UIApplicationSupportsIndirectInputEvents = YES;
				INFOPLIST_KEY_UILaunchScreen_Generation = YES;
				INFOPLIST_KEY_UISupportedInterfaceOrientations_iPad = "UIInterfaceOrientationPortrait UIInterfaceOrientationPortraitUpsideDown UIInterfaceOrientationLandscapeLeft UIInterfaceOrientationLandscapeRight";
				INFOPLIST_KEY_UISupportedInterfaceOrientations_iPhone = "UIInterfaceOrientationPortrait UIInterfaceOrientationLandscapeLeft UIInterfaceOrientationLandscapeRight";
				LD_RUNPATH_SEARCH_PATHS = (
					"$(inherited)",
					"@executable_path/Frameworks",
				);
				MARKETING_VERSION = 1.0;
				PRODUCT_BUNDLE_IDENTIFIER = kwk.tabletable;
				PRODUCT_NAME = "$(TARGET_NAME)";
				SWIFT_EMIT_LOC_STRINGS = YES;
				SWIFT_VERSION = 5.0;
				TARGETED_DEVICE_FAMILY = "1,2";
			};
			name = Release;
		};
		BD716BE72C2DF70200FA2DA0 /* Debug */ = {
			isa = XCBuildConfiguration;
			buildSettings = {
				ALWAYS_EMBED_SWIFT_STANDARD_LIBRARIES = YES;
				BUNDLE_LOADER = "$(TEST_HOST)";
				CODE_SIGN_STYLE = Automatic;
				CURRENT_PROJECT_VERSION = 1;
				GENERATE_INFOPLIST_FILE = YES;
				IPHONEOS_DEPLOYMENT_TARGET = 17.5;
				MARKETING_VERSION = 1.0;
				PRODUCT_BUNDLE_IDENTIFIER = kwk.tabletableTests;
				PRODUCT_NAME = "$(TARGET_NAME)";
				SWIFT_EMIT_LOC_STRINGS = NO;
				SWIFT_VERSION = 5.0;
				TARGETED_DEVICE_FAMILY = "1,2";
				TEST_HOST = "$(BUILT_PRODUCTS_DIR)/tabletable.app/$(BUNDLE_EXECUTABLE_FOLDER_PATH)/tabletable";
			};
			name = Debug;
		};
		BD716BE82C2DF70200FA2DA0 /* Release */ = {
			isa = XCBuildConfiguration;
			buildSettings = {
				ALWAYS_EMBED_SWIFT_STANDARD_LIBRARIES = YES;
				BUNDLE_LOADER = "$(TEST_HOST)";
				CODE_SIGN_STYLE = Automatic;
				CURRENT_PROJECT_VERSION = 1;
				GENERATE_INFOPLIST_FILE = YES;
				IPHONEOS_DEPLOYMENT_TARGET = 17.5;
				MARKETING_VERSION = 1.0;
				PRODUCT_BUNDLE_IDENTIFIER = kwk.tabletableTests;
				PRODUCT_NAME = "$(TARGET_NAME)";
				SWIFT_EMIT_LOC_STRINGS = NO;
				SWIFT_VERSION = 5.0;
				TARGETED_DEVICE_FAMILY = "1,2";
				TEST_HOST = "$(BUILT_PRODUCTS_DIR)/tabletable.app/$(BUNDLE_EXECUTABLE_FOLDER_PATH)/tabletable";
			};
			name = Release;
		};
		BD716BEA2C2DF70200FA2DA0 /* Debug */ = {
			isa = XCBuildConfiguration;
			buildSettings = {
				ALWAYS_EMBED_SWIFT_STANDARD_LIBRARIES = YES;
				CODE_SIGN_STYLE = Automatic;
				CURRENT_PROJECT_VERSION = 1;
				GENERATE_INFOPLIST_FILE = YES;
				MARKETING_VERSION = 1.0;
				PRODUCT_BUNDLE_IDENTIFIER = kwk.tabletableUITests;
				PRODUCT_NAME = "$(TARGET_NAME)";
				SWIFT_EMIT_LOC_STRINGS = NO;
				SWIFT_VERSION = 5.0;
				TARGETED_DEVICE_FAMILY = "1,2";
				TEST_TARGET_NAME = tabletable;
			};
			name = Debug;
		};
		BD716BEB2C2DF70200FA2DA0 /* Release */ = {
			isa = XCBuildConfiguration;
			buildSettings = {
				ALWAYS_EMBED_SWIFT_STANDARD_LIBRARIES = YES;
				CODE_SIGN_STYLE = Automatic;
				CURRENT_PROJECT_VERSION = 1;
				GENERATE_INFOPLIST_FILE = YES;
				MARKETING_VERSION = 1.0;
				PRODUCT_BUNDLE_IDENTIFIER = kwk.tabletableUITests;
				PRODUCT_NAME = "$(TARGET_NAME)";
				SWIFT_EMIT_LOC_STRINGS = NO;
				SWIFT_VERSION = 5.0;
				TARGETED_DEVICE_FAMILY = "1,2";
				TEST_TARGET_NAME = tabletable;
			};
			name = Release;
		};
/* End XCBuildConfiguration section */

/* Begin XCConfigurationList section */
		BD716BBA2C2DF70100FA2DA0 /* Build configuration list for PBXProject "tabletable" */ = {
			isa = XCConfigurationList;
			buildConfigurations = (
				BD716BE12C2DF70200FA2DA0 /* Debug */,
				BD716BE22C2DF70200FA2DA0 /* Release */,
			);
			defaultConfigurationIsVisible = 0;
			defaultConfigurationName = Release;
		};
		BD716BE32C2DF70200FA2DA0 /* Build configuration list for PBXNativeTarget "tabletable" */ = {
			isa = XCConfigurationList;
			buildConfigurations = (
				BD716BE42C2DF70200FA2DA0 /* Debug */,
				BD716BE52C2DF70200FA2DA0 /* Release */,
			);
			defaultConfigurationIsVisible = 0;
			defaultConfigurationName = Release;
		};
		BD716BE62C2DF70200FA2DA0 /* Build configuration list for PBXNativeTarget "tabletableTests" */ = {
			isa = XCConfigurationList;
			buildConfigurations = (
				BD716BE72C2DF70200FA2DA0 /* Debug */,
				BD716BE82C2DF70200FA2DA0 /* Release */,
			);
			defaultConfigurationIsVisible = 0;
			defaultConfigurationName = Release;
		};
		BD716BE92C2DF70200FA2DA0 /* Build configuration list for PBXNativeTarget "tabletableUITests" */ = {
			isa = XCConfigurationList;
			buildConfigurations = (
				BD716BEA2C2DF70200FA2DA0 /* Debug */,
				BD716BEB2C2DF70200FA2DA0 /* Release */,
			);
			defaultConfigurationIsVisible = 0;
			defaultConfigurationName = Release;
		};
/* End XCConfigurationList section */
	};
	rootObject = BD716BB72C2DF70100FA2DA0 /* Project object */;
}
